
Microsoft Visual Studio Solution File, Format Version 12.00
# Visual Studio Version 17
VisualStudioVersion = 17.11.35303.130
MinimumVisualStudioVersion = 10.0.40219.1
Project("{2150E333-8FDC-42A3-9474-1A3956D46DE8}") = "Task0", "Task0", "{087980EB-3E78-4F32-A8EA-B306FA7C4EA3}"
EndProject
Project("{9A19103F-16F7-4668-BE54-9A1E7A4F7556}") = "Tyuiu.VasilevNV.Sprint3.Task0.V16.Lib", "Tyuiu.VasilevNV.Sprint3.Task0.V16.Lib\Tyuiu.VasilevNV.Sprint3.Task0.V16.Lib.csproj", "{192EB8FB-767B-4AA3-A6CE-E6F986064D8F}"
EndProject
Project("{9A19103F-16F7-4668-BE54-9A1E7A4F7556}") = "Tyuiu.VasilevNV.Sprint3.Task0.V16", "Tyuiu.VasilevNV.Sprint3.Task0.V16\Tyuiu.VasilevNV.Sprint3.Task0.V16.csproj", "{0D3583AB-471B-499E-9004-2883E4D77567}"
EndProject
Project("{9A19103F-16F7-4668-BE54-9A1E7A4F7556}") = "Tyuiu.VasilevNV.Sprint3.Task0.V16.Test", "Tyuiu.VasilevNV.Sprint3.Task0.V16.Test\Tyuiu.VasilevNV.Sprint3.Task0.V16.Test.csproj", "{09146BE3-B01C-4A13-A1E7-9702A87EFA09}"
EndProject
Project("{9A19103F-16F7-4668-BE54-9A1E7A4F7556}") = "Tyuiu.VasilevNV.Sprint3.Task1.V13.Lib", "Tyuiu.VasilevNV.Sprint3.Task1.V13.Lib\Tyuiu.VasilevNV.Sprint3.Task1.V13.Lib.csproj", "{D88E5185-5B22-4639-8C90-58EA252C19A1}"
EndProject
Project("{9A19103F-16F7-4668-BE54-9A1E7A4F7556}") = "Tyuiu.VasilevNV.Sprint3.Task1.V13", "Tyuiu.VasilevNV.Sprint3.Task1.V13\Tyuiu.VasilevNV.Sprint3.Task1.V13.csproj", "{15BDB8BD-B837-42AA-9ADB-E623E09F9DA8}"
EndProject
Project("{2150E333-8FDC-42A3-9474-1A3956D46DE8}") = "Task1", "Task1", "{EDAC05B0-B148-4E7D-ABC2-679689CD9F2E}"
EndProject
Project("{9A19103F-16F7-4668-BE54-9A1E7A4F7556}") = "Tyuiu.VasilevNV.Sprint3.Task1.V13.Test", "Tyuiu.VasilevNV.Sprint3.Task1.V13.Test\Tyuiu.VasilevNV.Sprint3.Task1.V13.Test.csproj", "{4A239EB2-0535-4414-9C16-C0D998BA72A9}"
EndProject
Project("{2150E333-8FDC-42A3-9474-1A3956D46DE8}") = "Task2", "Task2", "{B2E45A11-41A7-44D2-BC28-9695F80ABFFC}"
EndProject
Project("{9A19103F-16F7-4668-BE54-9A1E7A4F7556}") = "Tyuiu.VasilevNV.Sprint3.Task2.V4.Lib", "Tyuiu.VasilevNV.Sprint3.Task2.V4.Lib\Tyuiu.VasilevNV.Sprint3.Task2.V4.Lib.csproj", "{B43FE7BF-AC16-4F0C-B258-A7012123BB24}"
EndProject
Project("{9A19103F-16F7-4668-BE54-9A1E7A4F7556}") = "Tyuiu.VasilevNV.Sprint3.Task2.V4", "Tyuiu.VasilevNV.Sprint3.Task2.V4\Tyuiu.VasilevNV.Sprint3.Task2.V4.csproj", "{9521F4AE-3B80-45BE-A328-ECBA4F6B00AE}"
EndProject
Project("{9A19103F-16F7-4668-BE54-9A1E7A4F7556}") = "Tyuiu.VasilevNV.Sprint3.Task2.V4.Test", "Tyuiu.VasilevNV.Sprint3.Task2.V4.Test\Tyuiu.VasilevNV.Sprint3.Task2.V4.Test.csproj", "{1237F57C-7E83-4A2B-BDB6-53C79D84674F}"
EndProject
Project("{2150E333-8FDC-42A3-9474-1A3956D46DE8}") = "Task3", "Task3", "{9F95E2D0-A893-4983-A543-932C7CB3905F}"
EndProject
Project("{FAE04EC0-301F-11D3-BF4B-00C04F79EFBC}") = "Tyuiu.VasilevNV.Sprint3.Task3.V24.Lib", "Tyuiu.VasilevNV.Sprint3.Task3.V24.Lib\Tyuiu.VasilevNV.Sprint3.Task3.V24.Lib.csproj", "{A9221B38-592F-4462-B4D0-126330A19118}"
EndProject
Project("{FAE04EC0-301F-11D3-BF4B-00C04F79EFBC}") = "Tyuiu.VasilevNV.Sprint3.Task3.V24", "Tyuiu.VasilevNV.Sprint3.Task3.V24\Tyuiu.VasilevNV.Sprint3.Task3.V24.csproj", "{18ACC3DF-61D0-4199-9BE7-575673C5CB99}"
EndProject
Project("{FAE04EC0-301F-11D3-BF4B-00C04F79EFBC}") = "Tyuiu.VasilevNV.Sprint3.Task3.V24.Test", "Tyuiu.VasilevNV.Sprint3.Task3.V24.Test\Tyuiu.VasilevNV.Sprint3.Task3.V24.Test.csproj", "{F268E8F0-37C1-4524-AEC6-006650ABF482}"
EndProject
Project("{2150E333-8FDC-42A3-9474-1A3956D46DE8}") = "Task4", "Task4", "{753143F2-6480-49FE-9FB7-4A579FC96F53}"
EndProject
Project("{FAE04EC0-301F-11D3-BF4B-00C04F79EFBC}") = "Tyuiu.VasilevNV.Sprint3.Task4.V9.Lib", "Tyuiu.VasilevNV.Sprint3.Task4.V9.Lib\Tyuiu.VasilevNV.Sprint3.Task4.V9.Lib.csproj", "{68B38146-AAAB-434F-B7CC-A41FC832D92F}"
EndProject
Project("{FAE04EC0-301F-11D3-BF4B-00C04F79EFBC}") = "Tyuiu.VasilevNV.Sprint3.Task4.V9", "Tyuiu.VasilevNV.Sprint3.Task4.V9\Tyuiu.VasilevNV.Sprint3.Task4.V9.csproj", "{9942A08B-0EDB-4F34-9DC4-B6519D3C18EE}"
EndProject
Project("{FAE04EC0-301F-11D3-BF4B-00C04F79EFBC}") = "Tyuiu.VasilevNV.Sprint3.Task4.V9.Test", "Tyuiu.VasilevNV.Sprint3.Task4.V9.Test\Tyuiu.VasilevNV.Sprint3.Task4.V9.Test.csproj", "{D9A3FC58-3561-43D1-A96B-CDB3FA110DDF}"
EndProject
Global
	GlobalSection(SolutionConfigurationPlatforms) = preSolution
		Debug|Any CPU = Debug|Any CPU
		Release|Any CPU = Release|Any CPU
	EndGlobalSection
	GlobalSection(ProjectConfigurationPlatforms) = postSolution
		{192EB8FB-767B-4AA3-A6CE-E6F986064D8F}.Debug|Any CPU.ActiveCfg = Debug|Any CPU
		{192EB8FB-767B-4AA3-A6CE-E6F986064D8F}.Debug|Any CPU.Build.0 = Debug|Any CPU
		{192EB8FB-767B-4AA3-A6CE-E6F986064D8F}.Release|Any CPU.ActiveCfg = Release|Any CPU
		{192EB8FB-767B-4AA3-A6CE-E6F986064D8F}.Release|Any CPU.Build.0 = Release|Any CPU
		{0D3583AB-471B-499E-9004-2883E4D77567}.Debug|Any CPU.ActiveCfg = Debug|Any CPU
		{0D3583AB-471B-499E-9004-2883E4D77567}.Debug|Any CPU.Build.0 = Debug|Any CPU
		{0D3583AB-471B-499E-9004-2883E4D77567}.Release|Any CPU.ActiveCfg = Release|Any CPU
		{0D3583AB-471B-499E-9004-2883E4D77567}.Release|Any CPU.Build.0 = Release|Any CPU
		{09146BE3-B01C-4A13-A1E7-9702A87EFA09}.Debug|Any CPU.ActiveCfg = Debug|Any CPU
		{09146BE3-B01C-4A13-A1E7-9702A87EFA09}.Debug|Any CPU.Build.0 = Debug|Any CPU
		{09146BE3-B01C-4A13-A1E7-9702A87EFA09}.Release|Any CPU.ActiveCfg = Release|Any CPU
		{09146BE3-B01C-4A13-A1E7-9702A87EFA09}.Release|Any CPU.Build.0 = Release|Any CPU
		{D88E5185-5B22-4639-8C90-58EA252C19A1}.Debug|Any CPU.ActiveCfg = Debug|Any CPU
		{D88E5185-5B22-4639-8C90-58EA252C19A1}.Debug|Any CPU.Build.0 = Debug|Any CPU
		{D88E5185-5B22-4639-8C90-58EA252C19A1}.Release|Any CPU.ActiveCfg = Release|Any CPU
		{D88E5185-5B22-4639-8C90-58EA252C19A1}.Release|Any CPU.Build.0 = Release|Any CPU
		{15BDB8BD-B837-42AA-9ADB-E623E09F9DA8}.Debug|Any CPU.ActiveCfg = Debug|Any CPU
		{15BDB8BD-B837-42AA-9ADB-E623E09F9DA8}.Debug|Any CPU.Build.0 = Debug|Any CPU
		{15BDB8BD-B837-42AA-9ADB-E623E09F9DA8}.Release|Any CPU.ActiveCfg = Release|Any CPU
		{15BDB8BD-B837-42AA-9ADB-E623E09F9DA8}.Release|Any CPU.Build.0 = Release|Any CPU
		{4A239EB2-0535-4414-9C16-C0D998BA72A9}.Debug|Any CPU.ActiveCfg = Debug|Any CPU
		{4A239EB2-0535-4414-9C16-C0D998BA72A9}.Debug|Any CPU.Build.0 = Debug|Any CPU
		{4A239EB2-0535-4414-9C16-C0D998BA72A9}.Release|Any CPU.ActiveCfg = Release|Any CPU
		{4A239EB2-0535-4414-9C16-C0D998BA72A9}.Release|Any CPU.Build.0 = Release|Any CPU
		{B43FE7BF-AC16-4F0C-B258-A7012123BB24}.Debug|Any CPU.ActiveCfg = Debug|Any CPU
		{B43FE7BF-AC16-4F0C-B258-A7012123BB24}.Debug|Any CPU.Build.0 = Debug|Any CPU
		{B43FE7BF-AC16-4F0C-B258-A7012123BB24}.Release|Any CPU.ActiveCfg = Release|Any CPU
		{B43FE7BF-AC16-4F0C-B258-A7012123BB24}.Release|Any CPU.Build.0 = Release|Any CPU
		{9521F4AE-3B80-45BE-A328-ECBA4F6B00AE}.Debug|Any CPU.ActiveCfg = Debug|Any CPU
		{9521F4AE-3B80-45BE-A328-ECBA4F6B00AE}.Debug|Any CPU.Build.0 = Debug|Any CPU
		{9521F4AE-3B80-45BE-A328-ECBA4F6B00AE}.Release|Any CPU.ActiveCfg = Release|Any CPU
		{9521F4AE-3B80-45BE-A328-ECBA4F6B00AE}.Release|Any CPU.Build.0 = Release|Any CPU
		{1237F57C-7E83-4A2B-BDB6-53C79D84674F}.Debug|Any CPU.ActiveCfg = Debug|Any CPU
		{1237F57C-7E83-4A2B-BDB6-53C79D84674F}.Debug|Any CPU.Build.0 = Debug|Any CPU
		{1237F57C-7E83-4A2B-BDB6-53C79D84674F}.Release|Any CPU.ActiveCfg = Release|Any CPU
		{1237F57C-7E83-4A2B-BDB6-53C79D84674F}.Release|Any CPU.Build.0 = Release|Any CPU
		{A9221B38-592F-4462-B4D0-126330A19118}.Debug|Any CPU.ActiveCfg = Debug|Any CPU
		{A9221B38-592F-4462-B4D0-126330A19118}.Debug|Any CPU.Build.0 = Debug|Any CPU
		{A9221B38-592F-4462-B4D0-126330A19118}.Release|Any CPU.ActiveCfg = Release|Any CPU
		{A9221B38-592F-4462-B4D0-126330A19118}.Release|Any CPU.Build.0 = Release|Any CPU
		{18ACC3DF-61D0-4199-9BE7-575673C5CB99}.Debug|Any CPU.ActiveCfg = Debug|Any CPU
		{18ACC3DF-61D0-4199-9BE7-575673C5CB99}.Debug|Any CPU.Build.0 = Debug|Any CPU
		{18ACC3DF-61D0-4199-9BE7-575673C5CB99}.Release|Any CPU.ActiveCfg = Release|Any CPU
		{18ACC3DF-61D0-4199-9BE7-575673C5CB99}.Release|Any CPU.Build.0 = Release|Any CPU
		{F268E8F0-37C1-4524-AEC6-006650ABF482}.Debug|Any CPU.ActiveCfg = Debug|Any CPU
		{F268E8F0-37C1-4524-AEC6-006650ABF482}.Debug|Any CPU.Build.0 = Debug|Any CPU
		{F268E8F0-37C1-4524-AEC6-006650ABF482}.Release|Any CPU.ActiveCfg = Release|Any CPU
		{F268E8F0-37C1-4524-AEC6-006650ABF482}.Release|Any CPU.Build.0 = Release|Any CPU
		{68B38146-AAAB-434F-B7CC-A41FC832D92F}.Debug|Any CPU.ActiveCfg = Debug|Any CPU
		{68B38146-AAAB-434F-B7CC-A41FC832D92F}.Debug|Any CPU.Build.0 = Debug|Any CPU
		{68B38146-AAAB-434F-B7CC-A41FC832D92F}.Release|Any CPU.ActiveCfg = Release|Any CPU
		{68B38146-AAAB-434F-B7CC-A41FC832D92F}.Release|Any CPU.Build.0 = Release|Any CPU
		{9942A08B-0EDB-4F34-9DC4-B6519D3C18EE}.Debug|Any CPU.ActiveCfg = Debug|Any CPU
		{9942A08B-0EDB-4F34-9DC4-B6519D3C18EE}.Debug|Any CPU.Build.0 = Debug|Any CPU
		{9942A08B-0EDB-4F34-9DC4-B6519D3C18EE}.Release|Any CPU.ActiveCfg = Release|Any CPU
		{9942A08B-0EDB-4F34-9DC4-B6519D3C18EE}.Release|Any CPU.Build.0 = Release|Any CPU
		{D9A3FC58-3561-43D1-A96B-CDB3FA110DDF}.Debug|Any CPU.ActiveCfg = Debug|Any CPU
		{D9A3FC58-3561-43D1-A96B-CDB3FA110DDF}.Debug|Any CPU.Build.0 = Debug|Any CPU
		{D9A3FC58-3561-43D1-A96B-CDB3FA110DDF}.Release|Any CPU.ActiveCfg = Release|Any CPU
		{D9A3FC58-3561-43D1-A96B-CDB3FA110DDF}.Release|Any CPU.Build.0 = Release|Any CPU
	EndGlobalSection
	GlobalSection(SolutionProperties) = preSolution
		HideSolutionNode = FALSE
	EndGlobalSection
	GlobalSection(NestedProjects) = preSolution
		{192EB8FB-767B-4AA3-A6CE-E6F986064D8F} = {087980EB-3E78-4F32-A8EA-B306FA7C4EA3}
		{0D3583AB-471B-499E-9004-2883E4D77567} = {087980EB-3E78-4F32-A8EA-B306FA7C4EA3}
		{09146BE3-B01C-4A13-A1E7-9702A87EFA09} = {087980EB-3E78-4F32-A8EA-B306FA7C4EA3}
		{D88E5185-5B22-4639-8C90-58EA252C19A1} = {EDAC05B0-B148-4E7D-ABC2-679689CD9F2E}
		{15BDB8BD-B837-42AA-9ADB-E623E09F9DA8} = {EDAC05B0-B148-4E7D-ABC2-679689CD9F2E}
		{4A239EB2-0535-4414-9C16-C0D998BA72A9} = {EDAC05B0-B148-4E7D-ABC2-679689CD9F2E}
		{B43FE7BF-AC16-4F0C-B258-A7012123BB24} = {B2E45A11-41A7-44D2-BC28-9695F80ABFFC}
		{9521F4AE-3B80-45BE-A328-ECBA4F6B00AE} = {B2E45A11-41A7-44D2-BC28-9695F80ABFFC}
		{1237F57C-7E83-4A2B-BDB6-53C79D84674F} = {B2E45A11-41A7-44D2-BC28-9695F80ABFFC}
		{A9221B38-592F-4462-B4D0-126330A19118} = {9F95E2D0-A893-4983-A543-932C7CB3905F}
		{18ACC3DF-61D0-4199-9BE7-575673C5CB99} = {9F95E2D0-A893-4983-A543-932C7CB3905F}
		{F268E8F0-37C1-4524-AEC6-006650ABF482} = {9F95E2D0-A893-4983-A543-932C7CB3905F}
		{68B38146-AAAB-434F-B7CC-A41FC832D92F} = {753143F2-6480-49FE-9FB7-4A579FC96F53}
		{9942A08B-0EDB-4F34-9DC4-B6519D3C18EE} = {753143F2-6480-49FE-9FB7-4A579FC96F53}
		{D9A3FC58-3561-43D1-A96B-CDB3FA110DDF} = {753143F2-6480-49FE-9FB7-4A579FC96F53}
	EndGlobalSection
	GlobalSection(ExtensibilityGlobals) = postSolution
		SolutionGuid = {194301F4-57D3-47A1-9F18-2B4F66AFDAB8}
	EndGlobalSection
EndGlobal
